PODS:
  - FBSnapshotTestCase (2.1.4):
    - FBSnapshotTestCase/SwiftSupport (= 2.1.4)
  - FBSnapshotTestCase/Core (2.1.4)
  - FBSnapshotTestCase/SwiftSupport (2.1.4):
    - FBSnapshotTestCase/Core
  - PodTool (0.1.0)

DEPENDENCIES:
  - FBSnapshotTestCase
  - PodTool (from `../`)

SPEC REPOS:
  https://github.com/cocoapods/specs.git:
    - FBSnapshotTestCase

EXTERNAL SOURCES:
  PodTool:
    :path: "../"

SPEC CHECKSUMS:
  FBSnapshotTestCase: 094f9f314decbabe373b87cc339bea235a63e07a
  PodTool: 2e6e5618afe14a58c122b037bacd60254ac6f6ee

PODFILE CHECKSUM: 654867bc062c1cce5153ea466ce721f8c49b870f

COCOAPODS: 1.5.3
